
Microsoft Visual Studio Solution File, Format Version 12.00
# Visual Studio Version 16
VisualStudioVersion = 16.0.32630.194
MinimumVisualStudioVersion = 10.0.40219.1
Project("{FAE04EC0-301F-11D3-BF4B-00C04F79EFBC}") = "LINQ", "LINQ\LINQ.csproj", "{F1E7BB1C-BE1F-4ECD-83C7-A1B89A8DE9E0}"
EndProject
Global
	GlobalSection(SolutionConfigurationPlatforms) = preSolution
		Debug|Any CPU = Debug|Any CPU
		Release|Any CPU = Release|Any CPU
	EndGlobalSection
	GlobalSection(ProjectConfigurationPlatforms) = postSolution
		{F1E7BB1C-BE1F-4ECD-83C7-A1B89A8DE9E0}.Debug|Any CPU.ActiveCfg = Debug|Any CPU
		{F1E7BB1C-BE1F-4ECD-83C7-A1B89A8DE9E0}.Debug|Any CPU.Build.0 = Debug|Any CPU
		{F1E7BB1C-BE1F-4ECD-83C7-A1B89A8DE9E0}.Release|Any CPU.ActiveCfg = Release|Any CPU
		{F1E7BB1C-BE1F-4ECD-83C7-A1B89A8DE9E0}.Release|Any CPU.Build.0 = Release|Any CPU
	EndGlobalSection
	GlobalSection(SolutionProperties) = preSolution
		HideSolutionNode = FALSE
	EndGlobalSection
	GlobalSection(ExtensibilityGlobals) = postSolution
		SolutionGuid = {442246C2-3D54-402D-B9AD-8E2FC539A6B0}
	EndGlobalSection
EndGlobal
