
Microsoft Visual Studio Solution File, Format Version 12.00
# Visual Studio Version 16
VisualStudioVersion = 16.0.32630.194
MinimumVisualStudioVersion = 10.0.40219.1
Project("{FAE04EC0-301F-11D3-BF4B-00C04F79EFBC}") = "Demo", "Demo\Demo.csproj", "{EF8AE322-290B-41B6-886E-300591C14460}"
EndProject
Global
	GlobalSection(SolutionConfigurationPlatforms) = preSolution
		Debug|Any CPU = Debug|Any CPU
		Release|Any CPU = Release|Any CPU
	EndGlobalSection
	GlobalSection(ProjectConfigurationPlatforms) = postSolution
		{EF8AE322-290B-41B6-886E-300591C14460}.Debug|Any CPU.ActiveCfg = Debug|Any CPU
		{EF8AE322-290B-41B6-886E-300591C14460}.Debug|Any CPU.Build.0 = Debug|Any CPU
		{EF8AE322-290B-41B6-886E-300591C14460}.Release|Any CPU.ActiveCfg = Release|Any CPU
		{EF8AE322-290B-41B6-886E-300591C14460}.Release|Any CPU.Build.0 = Release|Any CPU
	EndGlobalSection
	GlobalSection(SolutionProperties) = preSolution
		HideSolutionNode = FALSE
	EndGlobalSection
	GlobalSection(ExtensibilityGlobals) = postSolution
		SolutionGuid = {D7BCC1B0-A65B-434F-A5C4-BAA1EB624EC1}
	EndGlobalSection
EndGlobal
