
Microsoft Visual Studio Solution File, Format Version 12.00
# Visual Studio Version 16
VisualStudioVersion = 16.0.32630.194
MinimumVisualStudioVersion = 10.0.40219.1
Project("{FAE04EC0-301F-11D3-BF4B-00C04F79EFBC}") = "Default_Constructor", "Default_Constructor\Default_Constructor.csproj", "{F6F64B42-AF13-4371-AC8E-EC228CC3E871}"
EndProject
Project("{FAE04EC0-301F-11D3-BF4B-00C04F79EFBC}") = "StaticAndPrivate", "StaticAndPrivate\StaticAndPrivate.csproj", "{83B5ACBB-7A0E-46BF-8E3E-ACDD8B481554}"
EndProject
Global
	GlobalSection(SolutionConfigurationPlatforms) = preSolution
		Debug|Any CPU = Debug|Any CPU
		Release|Any CPU = Release|Any CPU
	EndGlobalSection
	GlobalSection(ProjectConfigurationPlatforms) = postSolution
		{F6F64B42-AF13-4371-AC8E-EC228CC3E871}.Debug|Any CPU.ActiveCfg = Debug|Any CPU
		{F6F64B42-AF13-4371-AC8E-EC228CC3E871}.Debug|Any CPU.Build.0 = Debug|Any CPU
		{F6F64B42-AF13-4371-AC8E-EC228CC3E871}.Release|Any CPU.ActiveCfg = Release|Any CPU
		{F6F64B42-AF13-4371-AC8E-EC228CC3E871}.Release|Any CPU.Build.0 = Release|Any CPU
		{83B5ACBB-7A0E-46BF-8E3E-ACDD8B481554}.Debug|Any CPU.ActiveCfg = Debug|Any CPU
		{83B5ACBB-7A0E-46BF-8E3E-ACDD8B481554}.Debug|Any CPU.Build.0 = Debug|Any CPU
		{83B5ACBB-7A0E-46BF-8E3E-ACDD8B481554}.Release|Any CPU.ActiveCfg = Release|Any CPU
		{83B5ACBB-7A0E-46BF-8E3E-ACDD8B481554}.Release|Any CPU.Build.0 = Release|Any CPU
	EndGlobalSection
	GlobalSection(SolutionProperties) = preSolution
		HideSolutionNode = FALSE
	EndGlobalSection
	GlobalSection(ExtensibilityGlobals) = postSolution
		SolutionGuid = {1555B4C4-B094-452F-AF8E-05D580D6F23B}
	EndGlobalSection
EndGlobal
